{
  "name": "example",
  "version": "1.0.0",
  "lockfileVersion": 1,
  "requires": true,
  "dependencies": {
    "@metarhia/config": {
      "version": "2.0.0-alpha.3",
      "resolved": "https://registry.npmjs.org/@metarhia/config/-/config-2.0.0-alpha.3.tgz",
      "integrity": "sha512-EFd2UZOVU5pYVKOx4oo5tSw8AGJRXLiKNMmaf/zJMByqqQKkFUiXcN+Nu3p2eVdnVwhv2tTjSEJqdhZ6LQSQkw==",
      "requires": {
        "metavm": "0.1.0"
      }
    },
    "metavm": {
      "version": "0.1.0",
      "resolved": "https://registry.npmjs.org/metavm/-/metavm-0.1.0.tgz",
      "integrity": "sha512-Mm6US1huNdH402mgBEnuFYnL6SzM4vufwnT4ivSGwjm40vyQMYEL8Fy8DBK3uI9qLW2eWgU0Nav2N+wgj/ojaw=="
    }
  }
}
